
Microsoft Visual Studio Solution File, Format Version 12.00
# Visual Studio 15
VisualStudioVersion = 15.0.26124.0
MinimumVisualStudioVersion = 15.0.26124.0
Project("{FAE04EC0-301F-11D3-BF4B-00C04F79EFBC}") = "MiPrimerApkReact", "MiPrimerApkReact\MiPrimerApkReact.csproj", "{47C513BE-2280-460F-BF8F-1C2E57499EEB}"
EndProject
Project("{FAE04EC0-301F-11D3-BF4B-00C04F79EFBC}") = "BLL", "BLL\BLL.csproj", "{9B059B30-8999-4377-8538-9AC62BB9C748}"
EndProject
Project("{FAE04EC0-301F-11D3-BF4B-00C04F79EFBC}") = "DAL", "DAL\DAL.csproj", "{6E5CE5C0-380F-4DF0-91B9-A8DAD9D2266A}"
EndProject
Project("{FAE04EC0-301F-11D3-BF4B-00C04F79EFBC}") = "ENTITY", "ENTITY\ENTITY.csproj", "{5A7809A2-5099-402E-9FE9-57248D4E1A68}"
EndProject
Global
	GlobalSection(SolutionConfigurationPlatforms) = preSolution
		Debug|Any CPU = Debug|Any CPU
		Debug|x64 = Debug|x64
		Debug|x86 = Debug|x86
		Release|Any CPU = Release|Any CPU
		Release|x64 = Release|x64
		Release|x86 = Release|x86
	EndGlobalSection
	GlobalSection(SolutionProperties) = preSolution
		HideSolutionNode = FALSE
	EndGlobalSection
	GlobalSection(ProjectConfigurationPlatforms) = postSolution
		{47C513BE-2280-460F-BF8F-1C2E57499EEB}.Debug|Any CPU.ActiveCfg = Debug|Any CPU
		{47C513BE-2280-460F-BF8F-1C2E57499EEB}.Debug|Any CPU.Build.0 = Debug|Any CPU
		{47C513BE-2280-460F-BF8F-1C2E57499EEB}.Debug|x64.ActiveCfg = Debug|Any CPU
		{47C513BE-2280-460F-BF8F-1C2E57499EEB}.Debug|x64.Build.0 = Debug|Any CPU
		{47C513BE-2280-460F-BF8F-1C2E57499EEB}.Debug|x86.ActiveCfg = Debug|Any CPU
		{47C513BE-2280-460F-BF8F-1C2E57499EEB}.Debug|x86.Build.0 = Debug|Any CPU
		{47C513BE-2280-460F-BF8F-1C2E57499EEB}.Release|Any CPU.ActiveCfg = Release|Any CPU
		{47C513BE-2280-460F-BF8F-1C2E57499EEB}.Release|Any CPU.Build.0 = Release|Any CPU
		{47C513BE-2280-460F-BF8F-1C2E57499EEB}.Release|x64.ActiveCfg = Release|Any CPU
		{47C513BE-2280-460F-BF8F-1C2E57499EEB}.Release|x64.Build.0 = Release|Any CPU
		{47C513BE-2280-460F-BF8F-1C2E57499EEB}.Release|x86.ActiveCfg = Release|Any CPU
		{47C513BE-2280-460F-BF8F-1C2E57499EEB}.Release|x86.Build.0 = Release|Any CPU
		{9B059B30-8999-4377-8538-9AC62BB9C748}.Debug|Any CPU.ActiveCfg = Debug|Any CPU
		{9B059B30-8999-4377-8538-9AC62BB9C748}.Debug|Any CPU.Build.0 = Debug|Any CPU
		{9B059B30-8999-4377-8538-9AC62BB9C748}.Debug|x64.ActiveCfg = Debug|Any CPU
		{9B059B30-8999-4377-8538-9AC62BB9C748}.Debug|x64.Build.0 = Debug|Any CPU
		{9B059B30-8999-4377-8538-9AC62BB9C748}.Debug|x86.ActiveCfg = Debug|Any CPU
		{9B059B30-8999-4377-8538-9AC62BB9C748}.Debug|x86.Build.0 = Debug|Any CPU
		{9B059B30-8999-4377-8538-9AC62BB9C748}.Release|Any CPU.ActiveCfg = Release|Any CPU
		{9B059B30-8999-4377-8538-9AC62BB9C748}.Release|Any CPU.Build.0 = Release|Any CPU
		{9B059B30-8999-4377-8538-9AC62BB9C748}.Release|x64.ActiveCfg = Release|Any CPU
		{9B059B30-8999-4377-8538-9AC62BB9C748}.Release|x64.Build.0 = Release|Any CPU
		{9B059B30-8999-4377-8538-9AC62BB9C748}.Release|x86.ActiveCfg = Release|Any CPU
		{9B059B30-8999-4377-8538-9AC62BB9C748}.Release|x86.Build.0 = Release|Any CPU
		{6E5CE5C0-380F-4DF0-91B9-A8DAD9D2266A}.Debug|Any CPU.ActiveCfg = Debug|Any CPU
		{6E5CE5C0-380F-4DF0-91B9-A8DAD9D2266A}.Debug|Any CPU.Build.0 = Debug|Any CPU
		{6E5CE5C0-380F-4DF0-91B9-A8DAD9D2266A}.Debug|x64.ActiveCfg = Debug|Any CPU
		{6E5CE5C0-380F-4DF0-91B9-A8DAD9D2266A}.Debug|x64.Build.0 = Debug|Any CPU
		{6E5CE5C0-380F-4DF0-91B9-A8DAD9D2266A}.Debug|x86.ActiveCfg = Debug|Any CPU
		{6E5CE5C0-380F-4DF0-91B9-A8DAD9D2266A}.Debug|x86.Build.0 = Debug|Any CPU
		{6E5CE5C0-380F-4DF0-91B9-A8DAD9D2266A}.Release|Any CPU.ActiveCfg = Release|Any CPU
		{6E5CE5C0-380F-4DF0-91B9-A8DAD9D2266A}.Release|Any CPU.Build.0 = Release|Any CPU
		{6E5CE5C0-380F-4DF0-91B9-A8DAD9D2266A}.Release|x64.ActiveCfg = Release|Any CPU
		{6E5CE5C0-380F-4DF0-91B9-A8DAD9D2266A}.Release|x64.Build.0 = Release|Any CPU
		{6E5CE5C0-380F-4DF0-91B9-A8DAD9D2266A}.Release|x86.ActiveCfg = Release|Any CPU
		{6E5CE5C0-380F-4DF0-91B9-A8DAD9D2266A}.Release|x86.Build.0 = Release|Any CPU
		{5A7809A2-5099-402E-9FE9-57248D4E1A68}.Debug|Any CPU.ActiveCfg = Debug|Any CPU
		{5A7809A2-5099-402E-9FE9-57248D4E1A68}.Debug|Any CPU.Build.0 = Debug|Any CPU
		{5A7809A2-5099-402E-9FE9-57248D4E1A68}.Debug|x64.ActiveCfg = Debug|Any CPU
		{5A7809A2-5099-402E-9FE9-57248D4E1A68}.Debug|x64.Build.0 = Debug|Any CPU
		{5A7809A2-5099-402E-9FE9-57248D4E1A68}.Debug|x86.ActiveCfg = Debug|Any CPU
		{5A7809A2-5099-402E-9FE9-57248D4E1A68}.Debug|x86.Build.0 = Debug|Any CPU
		{5A7809A2-5099-402E-9FE9-57248D4E1A68}.Release|Any CPU.ActiveCfg = Release|Any CPU
		{5A7809A2-5099-402E-9FE9-57248D4E1A68}.Release|Any CPU.Build.0 = Release|Any CPU
		{5A7809A2-5099-402E-9FE9-57248D4E1A68}.Release|x64.ActiveCfg = Release|Any CPU
		{5A7809A2-5099-402E-9FE9-57248D4E1A68}.Release|x64.Build.0 = Release|Any CPU
		{5A7809A2-5099-402E-9FE9-57248D4E1A68}.Release|x86.ActiveCfg = Release|Any CPU
		{5A7809A2-5099-402E-9FE9-57248D4E1A68}.Release|x86.Build.0 = Release|Any CPU
	EndGlobalSection
EndGlobal
